{
    "_readme": [
        "This file locks the dependencies of your project to a known state",
        "Read more about it at https://getcomposer.org/doc/01-basic-usage.md#composer-lock-the-lock-file",
        "This file is @generated automatically"
    ],
    "content-hash": "287d0533727a1322cb544786e2d6f62a",
    "packages": [
        {
            "name": "cooky/url-router",
            "version": "v2.5",
            "source": {
                "type": "git",
                "url": "https://github.com/muhammetakkus/routy.git",
                "reference": "b0e7ac6f7f9dc476d98d7517a9be70f628115267"
            },
            "dist": {
                "type": "zip",
                "url": "https://api.github.com/repos/muhammetakkus/routy/zipball/b0e7ac6f7f9dc476d98d7517a9be70f628115267",
                "reference": "b0e7ac6f7f9dc476d98d7517a9be70f628115267",
                "shasum": ""
            },
            "require": {
                "php": "^7.0"
            },
            "type": "library",
            "autoload": {
                "psr-4": {
                    "Routy\\": "router",
                    "View\\": "view",
                    "Config\\": "config"
                }
            },
            "notification-url": "https://packagist.org/downloads/",
            "authors": [
                {
                    "name": "Mehmet Akkuş",
                    "email": "muhammetakkuss34@gmail.com"
                }
            ],
            "description": "Simple PHP Router",
            "time": "2018-04-15T03:51:21+00:00"
        }
    ],
    "packages-dev": [],
    "aliases": [],
    "minimum-stability": "stable",
    "stability-flags": [],
    "prefer-stable": false,
    "prefer-lowest": false,
    "platform": [],
    "platform-dev": []
}
