{
    "_readme": [
        "This file locks the dependencies of your project to a known state",
        "Read more about it at https://getcomposer.org/doc/01-basic-usage.md#composer-lock-the-lock-file",
        "This file is @generated automatically"
    ],
    "hash": "bf224611bfb8b5c84028461a3d7cb61a",
    "content-hash": "c93630123a530a695679b9a18bd3f570",
    "packages": [
        {
            "name": "cooky/url-router",
            "version": "dev-master",
            "source": {
                "type": "git",
                "url": "https://github.com/muhammetakkus/routy.git",
                "reference": "de750f60caf3d5bccff22ca3b765f1fa413d2a5b"
            },
            "dist": {
                "type": "zip",
                "url": "https://api.github.com/repos/muhammetakkus/routy/zipball/de750f60caf3d5bccff22ca3b765f1fa413d2a5b",
                "reference": "de750f60caf3d5bccff22ca3b765f1fa413d2a5b",
                "shasum": ""
            },
            "type": "library",
            "autoload": {
                "psr-4": {
                    "Routy\\": "src/"
                }
            },
            "notification-url": "https://packagist.org/downloads/",
            "license": [
                "MIT"
            ],
            "authors": [
                {
                    "name": "Muhammet Akkuş",
                    "email": "muhammetakkuss34@gmail.com"
                }
            ],
            "description": "Simple PHP Router",
            "time": "2017-09-14 00:32:39"
        }
    ],
    "packages-dev": [],
    "aliases": [],
    "minimum-stability": "stable",
    "stability-flags": {
        "cooky/url-router": 20
    },
    "prefer-stable": false,
    "prefer-lowest": false,
    "platform": [],
    "platform-dev": []
}
